
Microsoft Visual Studio Solution File, Format Version 12.00
# Visual Studio Version 17
VisualStudioVersion = 17.13.35818.85 d17.13
MinimumVisualStudioVersion = 10.0.40219.1
Project("{FAE04EC0-301F-11D3-BF4B-00C04F79EFBC}") = "project.3db", "project.3db\project.3db.csproj", "{32AF4B1A-0CA6-4A08-B75F-00C07C5CFE8D}"
EndProject
Global
	GlobalSection(SolutionConfigurationPlatforms) = preSolution
		Debug|Any CPU = Debug|Any CPU
		Release|Any CPU = Release|Any CPU
	EndGlobalSection
	GlobalSection(ProjectConfigurationPlatforms) = postSolution
		{32AF4B1A-0CA6-4A08-B75F-00C07C5CFE8D}.Debug|Any CPU.ActiveCfg = Debug|Any CPU
		{32AF4B1A-0CA6-4A08-B75F-00C07C5CFE8D}.Debug|Any CPU.Build.0 = Debug|Any CPU
		{32AF4B1A-0CA6-4A08-B75F-00C07C5CFE8D}.Release|Any CPU.ActiveCfg = Release|Any CPU
		{32AF4B1A-0CA6-4A08-B75F-00C07C5CFE8D}.Release|Any CPU.Build.0 = Release|Any CPU
	EndGlobalSection
	GlobalSection(SolutionProperties) = preSolution
		HideSolutionNode = FALSE
	EndGlobalSection
	GlobalSection(ExtensibilityGlobals) = postSolution
		SolutionGuid = {DE203280-78B6-447A-82EC-A5CBB056DC0F}
	EndGlobalSection
EndGlobal
